{
  "name": "@clevok/task-queue",
  "version": "0.0.1",
  "lockfileVersion": 1,
  "requires": true,
  "dependencies": {
    "@clevok/message": {
      "version": "0.0.1",
      "resolved": "http://192.168.0.149:4873/@clevok%2fmessage/-/message-0.0.1.tgz",
      "integrity": "sha512-NkYIn3B6qp1wkwObz5kM9Q9zCz0BwDyIRSORKbzqoGkWeSR94kJwKP2L5y4LM4i/yAacCQ57kLzr5QysFs5MQA=="
    }
  }
}
