{
  "name": "task-queue",
  "version": "1.0.1",
  "lockfileVersion": 1,
  "requires": true,
  "dependencies": {
    "@clevok/message": {
      "version": "1.0.1",
      "resolved": "http://192.168.0.46:4873/@clevok%2fmessage/-/message-1.0.1.tgz",
      "integrity": "sha512-cFZcrpk+bQbQvGBtEB8TydEX6vqkSnzwRZ8IQbymg7t+xPqSMD0RDZytpA0LXmvMcbXBCLjeweFYSANwu6trqw=="
    }
  }
}
